// !$*UTF8*$!
{
	archiveVersion = 1;
	classes = {
	};
	objectVersion = 56;
	objects = {

/* Begin PBXBuildFile section */
		771172F02C0F525000C6B3AA /* UrunDetayVC.swift in Sources */ = {isa = PBXBuildFile; fileRef = 771172EF2C0F525000C6B3AA /* UrunDetayVC.swift */; };
		771172F22C0F525E00C6B3AA /* SepetVC.swift in Sources */ = {isa = PBXBuildFile; fileRef = 771172F12C0F525E00C6B3AA /* SepetVC.swift */; };
		771172F42C0F528C00C6B3AA /* YemekHucre.swift in Sources */ = {isa = PBXBuildFile; fileRef = 771172F32C0F528C00C6B3AA /* YemekHucre.swift */; };
		771172F62C0F52A200C6B3AA /* SepetHucre.swift in Sources */ = {isa = PBXBuildFile; fileRef = 771172F52C0F52A200C6B3AA /* SepetHucre.swift */; };
		77A14C192C0F3EC8008E9885 /* AppDelegate.swift in Sources */ = {isa = PBXBuildFile; fileRef = 77A14C182C0F3EC8008E9885 /* AppDelegate.swift */; };
		77A14C1B2C0F3EC8008E9885 /* SceneDelegate.swift in Sources */ = {isa = PBXBuildFile; fileRef = 77A14C1A2C0F3EC8008E9885 /* SceneDelegate.swift */; };
		77A14C1D2C0F3EC8008E9885 /* Anasayfa.swift in Sources */ = {isa = PBXBuildFile; fileRef = 77A14C1C2C0F3EC8008E9885 /* Anasayfa.swift */; };
		77A14C202C0F3EC8008E9885 /* Main.storyboard in Resources */ = {isa = PBXBuildFile; fileRef = 77A14C1E2C0F3EC8008E9885 /* Main.storyboard */; };
		77A14C232C0F3EC8008E9885 /* YemekSiparisUygulamasi.xcdatamodeld in Sources */ = {isa = PBXBuildFile; fileRef = 77A14C212C0F3EC8008E9885 /* YemekSiparisUygulamasi.xcdatamodeld */; };
		77A14C252C0F3EC9008E9885 /* Assets.xcassets in Resources */ = {isa = PBXBuildFile; fileRef = 77A14C242C0F3EC9008E9885 /* Assets.xcassets */; };
		77A14C282C0F3EC9008E9885 /* LaunchScreen.storyboard in Resources */ = {isa = PBXBuildFile; fileRef = 77A14C262C0F3EC9008E9885 /* LaunchScreen.storyboard */; };
/* End PBXBuildFile section */

/* Begin PBXFileReference section */
		771172EF2C0F525000C6B3AA /* UrunDetayVC.swift */ = {isa = PBXFileReference; lastKnownFileType = sourcecode.swift; path = UrunDetayVC.swift; sourceTree = "<group>"; };
		771172F12C0F525E00C6B3AA /* SepetVC.swift */ = {isa = PBXFileReference; lastKnownFileType = sourcecode.swift; path = SepetVC.swift; sourceTree = "<group>"; };
		771172F32C0F528C00C6B3AA /* YemekHucre.swift */ = {isa = PBXFileReference; lastKnownFileType = sourcecode.swift; path = YemekHucre.swift; sourceTree = "<group>"; };
		771172F52C0F52A200C6B3AA /* SepetHucre.swift */ = {isa = PBXFileReference; lastKnownFileType = sourcecode.swift; path = SepetHucre.swift; sourceTree = "<group>"; };
		77A14C152C0F3EC8008E9885 /* YemekSiparisUygulamasi.app */ = {isa = PBXFileReference; explicitFileType = wrapper.application; includeInIndex = 0; path = YemekSiparisUygulamasi.app; sourceTree = BUILT_PRODUCTS_DIR; };
		77A14C182C0F3EC8008E9885 /* AppDelegate.swift */ = {isa = PBXFileReference; lastKnownFileType = sourcecode.swift; path = AppDelegate.swift; sourceTree = "<group>"; };
		77A14C1A2C0F3EC8008E9885 /* SceneDelegate.swift */ = {isa = PBXFileReference; lastKnownFileType = sourcecode.swift; path = SceneDelegate.swift; sourceTree = "<group>"; };
		77A14C1C2C0F3EC8008E9885 /* Anasayfa.swift */ = {isa = PBXFileReference; lastKnownFileType = sourcecode.swift; path = Anasayfa.swift; sourceTree = "<group>"; };
		77A14C1F2C0F3EC8008E9885 /* Base */ = {isa = PBXFileReference; lastKnownFileType = file.storyboard; name = Base; path = Base.lproj/Main.storyboard; sourceTree = "<group>"; };
		77A14C222C0F3EC8008E9885 /* YemekSiparisUygulamasi.xcdatamodel */ = {isa = PBXFileReference; lastKnownFileType = wrapper.xcdatamodel; path = YemekSiparisUygulamasi.xcdatamodel; sourceTree = "<group>"; };
		77A14C242C0F3EC9008E9885 /* Assets.xcassets */ = {isa = PBXFileReference; lastKnownFileType = folder.assetcatalog; path = Assets.xcassets; sourceTree = "<group>"; };
		77A14C272C0F3EC9008E9885 /* Base */ = {isa = PBXFileReference; lastKnownFileType = file.storyboard; name = Base; path = Base.lproj/LaunchScreen.storyboard; sourceTree = "<group>"; };
		77A14C292C0F3EC9008E9885 /* Info.plist */ = {isa = PBXFileReference; lastKnownFileType = text.plist.xml; path = Info.plist; sourceTree = "<group>"; };
/* End PBXFileReference section */

/* Begin PBXFrameworksBuildPhase section */
		77A14C122C0F3EC8008E9885 /* Frameworks */ = {
			isa = PBXFrameworksBuildPhase;
			buildActionMask = 2147483647;
			files = (
			);
			runOnlyForDeploymentPostprocessing = 0;
		};
/* End PBXFrameworksBuildPhase section */

/* Begin PBXGroup section */
		77A14C0C2C0F3EC8008E9885 = {
			isa = PBXGroup;
			children = (
				77A14C172C0F3EC8008E9885 /* YemekSiparisUygulamasi */,
				77A14C162C0F3EC8008E9885 /* Products */,
			);
			sourceTree = "<group>";
		};
		77A14C162C0F3EC8008E9885 /* Products */ = {
			isa = PBXGroup;
			children = (
				77A14C152C0F3EC8008E9885 /* YemekSiparisUygulamasi.app */,
			);
			name = Products;
			sourceTree = "<group>";
		};
		77A14C172C0F3EC8008E9885 /* YemekSiparisUygulamasi */ = {
			isa = PBXGroup;
			children = (
				77A14C182C0F3EC8008E9885 /* AppDelegate.swift */,
				77A14C1A2C0F3EC8008E9885 /* SceneDelegate.swift */,
				77A14C1C2C0F3EC8008E9885 /* Anasayfa.swift */,
				771172EF2C0F525000C6B3AA /* UrunDetayVC.swift */,
				771172F12C0F525E00C6B3AA /* SepetVC.swift */,
				771172F32C0F528C00C6B3AA /* YemekHucre.swift */,
				771172F52C0F52A200C6B3AA /* SepetHucre.swift */,
				77A14C1E2C0F3EC8008E9885 /* Main.storyboard */,
				77A14C242C0F3EC9008E9885 /* Assets.xcassets */,
				77A14C262C0F3EC9008E9885 /* LaunchScreen.storyboard */,
				77A14C292C0F3EC9008E9885 /* Info.plist */,
				77A14C212C0F3EC8008E9885 /* YemekSiparisUygulamasi.xcdatamodeld */,
			);
			path = YemekSiparisUygulamasi;
			sourceTree = "<group>";
		};
/* End PBXGroup section */

/* Begin PBXNativeTarget section */
		77A14C142C0F3EC8008E9885 /* YemekSiparisUygulamasi */ = {
			isa = PBXNativeTarget;
			buildConfigurationList = 77A14C2C2C0F3EC9008E9885 /* Build configuration list for PBXNativeTarget "YemekSiparisUygulamasi" */;
			buildPhases = (
				77A14C112C0F3EC8008E9885 /* Sources */,
				77A14C122C0F3EC8008E9885 /* Frameworks */,
				77A14C132C0F3EC8008E9885 /* Resources */,
			);
			buildRules = (
			);
			dependencies = (
			);
			name = YemekSiparisUygulamasi;
			productName = YemekSiparisUygulamasi;
			productReference = 77A14C152C0F3EC8008E9885 /* YemekSiparisUygulamasi.app */;
			productType = "com.apple.product-type.application";
		};
/* End PBXNativeTarget section */

/* Begin PBXProject section */
		77A14C0D2C0F3EC8008E9885 /* Project object */ = {
			isa = PBXProject;
			attributes = {
				BuildIndependentTargetsInParallel = 1;
				LastSwiftUpdateCheck = 1510;
				LastUpgradeCheck = 1510;
				TargetAttributes = {
					77A14C142C0F3EC8008E9885 = {
						CreatedOnToolsVersion = 15.1;
					};
				};
			};
			buildConfigurationList = 77A14C102C0F3EC8008E9885 /* Build configuration list for PBXProject "YemekSiparisUygulamasi" */;
			compatibilityVersion = "Xcode 14.0";
			developmentRegion = en;
			hasScannedForEncodings = 0;
			knownRegions = (
				en,
				Base,
			);
			mainGroup = 77A14C0C2C0F3EC8008E9885;
			productRefGroup = 77A14C162C0F3EC8008E9885 /* Products */;
			projectDirPath = "";
			projectRoot = "";
			targets = (
				77A14C142C0F3EC8008E9885 /* YemekSiparisUygulamasi */,
			);
		};
/* End PBXProject section */

/* Begin PBXResourcesBuildPhase section */
		77A14C132C0F3EC8008E9885 /* Resources */ = {
			isa = PBXResourcesBuildPhase;
			buildActionMask = 2147483647;
			files = (
				77A14C282C0F3EC9008E9885 /* LaunchScreen.storyboard in Resources */,
				77A14C252C0F3EC9008E9885 /* Assets.xcassets in Resources */,
				77A14C202C0F3EC8008E9885 /* Main.storyboard in Resources */,
			);
			runOnlyForDeploymentPostprocessing = 0;
		};
/* End PBXResourcesBuildPhase section */

/* Begin PBXSourcesBuildPhase section */
		77A14C112C0F3EC8008E9885 /* Sources */ = {
			isa = PBXSourcesBuildPhase;
			buildActionMask = 2147483647;
			files = (
				77A14C1D2C0F3EC8008E9885 /* Anasayfa.swift in Sources */,
				77A14C192C0F3EC8008E9885 /* AppDelegate.swift in Sources */,
				771172F22C0F525E00C6B3AA /* SepetVC.swift in Sources */,
				771172F62C0F52A200C6B3AA /* SepetHucre.swift in Sources */,
				77A14C232C0F3EC8008E9885 /* YemekSiparisUygulamasi.xcdatamodeld in Sources */,
				771172F02C0F525000C6B3AA /* UrunDetayVC.swift in Sources */,
				771172F42C0F528C00C6B3AA /* YemekHucre.swift in Sources */,
				77A14C1B2C0F3EC8008E9885 /* SceneDelegate.swift in Sources */,
			);
			runOnlyForDeploymentPostprocessing = 0;
		};
/* End PBXSourcesBuildPhase section */

/* Begin PBXVariantGroup section */
		77A14C1E2C0F3EC8008E9885 /* Main.storyboard */ = {
			isa = PBXVariantGroup;
			children = (
				77A14C1F2C0F3EC8008E9885 /* Base */,
			);
			name = Main.storyboard;
			sourceTree = "<group>";
		};
		77A14C262C0F3EC9008E9885 /* LaunchScreen.storyboard */ = {
			isa = PBXVariantGroup;
			children = (
				77A14C272C0F3EC9008E9885 /* Base */,
			);
			name = LaunchScreen.storyboard;
			sourceTree = "<group>";
		};
/* End PBXVariantGroup section */

/* Begin XCBuildConfiguration section */
		77A14C2A2C0F3EC9008E9885 /* Debug */ = {
			isa = XCBuildConfiguration;
			buildSettings = {
				ALWAYS_SEARCH_USER_PATHS = NO;
				ASSETCATALOG_COMPILER_GENERATE_SWIFT_ASSET_SYMBOL_EXTENSIONS = YES;
				CLANG_ANALYZER_NONNULL = YES;
				CLANG_ANALYZER_NUMBER_OBJECT_CONVERSION = YES_AGGRESSIVE;
				CLANG_CXX_LANGUAGE_STANDARD = "gnu++20";
				CLANG_ENABLE_MODULES = YES;
				CLANG_ENABLE_OBJC_ARC = YES;
				CLANG_ENABLE_OBJC_WEAK = YES;
				CLANG_WARN_BLOCK_CAPTURE_AUTORELEASING = YES;
				CLANG_WARN_BOOL_CONVERSION = YES;
				CLANG_WARN_COMMA = YES;
				CLANG_WARN_CONSTANT_CONVERSION = YES;
				CLANG_WARN_DEPRECATED_OBJC_IMPLEMENTATIONS = YES;
				CLANG_WARN_DIRECT_OBJC_ISA_USAGE = YES_ERROR;
				CLANG_WARN_DOCUMENTATION_COMMENTS = YES;
				CLANG_WARN_EMPTY_BODY = YES;
				CLANG_WARN_ENUM_CONVERSION = YES;
				CLANG_WARN_INFINITE_RECURSION = YES;
				CLANG_WARN_INT_CONVERSION = YES;
				CLANG_WARN_NON_LITERAL_NULL_CONVERSION = YES;
				CLANG_WARN_OBJC_IMPLICIT_RETAIN_SELF = YES;
				CLANG_WARN_OBJC_LITERAL_CONVERSION = YES;
				CLANG_WARN_OBJC_ROOT_CLASS = YES_ERROR;
				CLANG_WARN_QUOTED_INCLUDE_IN_FRAMEWORK_HEADER = YES;
				CLANG_WARN_RANGE_LOOP_ANALYSIS = YES;
				CLANG_WARN_STRICT_PROTOTYPES = YES;
				CLANG_WARN_SUSPICIOUS_MOVE = YES;
				CLANG_WARN_UNGUARDED_AVAILABILITY = YES_AGGRESSIVE;
				CLANG_WARN_UNREACHABLE_CODE = YES;
				CLANG_WARN__DUPLICATE_METHOD_MATCH = YES;
				COPY_PHASE_STRIP = NO;
				DEBUG_INFORMATION_FORMAT = dwarf;
				ENABLE_STRICT_OBJC_MSGSEND = YES;
				ENABLE_TESTABILITY = YES;
				ENABLE_USER_SCRIPT_SANDBOXING = YES;
				GCC_C_LANGUAGE_STANDARD = gnu17;
				GCC_DYNAMIC_NO_PIC = NO;
				GCC_NO_COMMON_BLOCKS = YES;
				GCC_OPTIMIZATION_LEVEL = 0;
				GCC_PREPROCESSOR_DEFINITIONS = (
					"DEBUG=1",
					"$(inherited)",
				);
				GCC_WARN_64_TO_32_BIT_CONVERSION = YES;
				GCC_WARN_ABOUT_RETURN_TYPE = YES_ERROR;
				GCC_WARN_UNDECLARED_SELECTOR = YES;
				GCC_WARN_UNINITIALIZED_AUTOS = YES_AGGRESSIVE;
				GCC_WARN_UNUSED_FUNCTION = YES;
				GCC_WARN_UNUSED_VARIABLE = YES;
				IPHONEOS_DEPLOYMENT_TARGET = 17.2;
				LOCALIZATION_PREFERS_STRING_CATALOGS = YES;
				MTL_ENABLE_DEBUG_INFO = INCLUDE_SOURCE;
				MTL_FAST_MATH = YES;
				ONLY_ACTIVE_ARCH = YES;
				SDKROOT = iphoneos;
				SWIFT_ACTIVE_COMPILATION_CONDITIONS = "DEBUG $(inherited)";
				SWIFT_OPTIMIZATION_LEVEL = "-Onone";
			};
			name = Debug;
		};
		77A14C2B2C0F3EC9008E9885 /* Release */ = {
			isa = XCBuildConfiguration;
			buildSettings = {
				ALWAYS_SEARCH_USER_PATHS = NO;
				ASSETCATALOG_COMPILER_GENERATE_SWIFT_ASSET_SYMBOL_EXTENSIONS = YES;
				CLANG_ANALYZER_NONNULL = YES;
				CLANG_ANALYZER_NUMBER_OBJECT_CONVERSION = YES_AGGRESSIVE;
				CLANG_CXX_LANGUAGE_STANDARD = "gnu++20";
				CLANG_ENABLE_MODULES = YES;
				CLANG_ENABLE_OBJC_ARC = YES;
				CLANG_ENABLE_OBJC_WEAK = YES;
				CLANG_WARN_BLOCK_CAPTURE_AUTORELEASING = YES;
				CLANG_WARN_BOOL_CONVERSION = YES;
				CLANG_WARN_COMMA = YES;
				CLANG_WARN_CONSTANT_CONVERSION = YES;
				CLANG_WARN_DEPRECATED_OBJC_IMPLEMENTATIONS = YES;
				CLANG_WARN_DIRECT_OBJC_ISA_USAGE = YES_ERROR;
				CLANG_WARN_DOCUMENTATION_COMMENTS = YES;
				CLANG_WARN_EMPTY_BODY = YES;
				CLANG_WARN_ENUM_CONVERSION = YES;
				CLANG_WARN_INFINITE_RECURSION = YES;
				CLANG_WARN_INT_CONVERSION = YES;
				CLANG_WARN_NON_LITERAL_NULL_CONVERSION = YES;
				CLANG_WARN_OBJC_IMPLICIT_RETAIN_SELF = YES;
				CLANG_WARN_OBJC_LITERAL_CONVERSION = YES;
				CLANG_WARN_OBJC_ROOT_CLASS = YES_ERROR;
				CLANG_WARN_QUOTED_INCLUDE_IN_FRAMEWORK_HEADER = YES;
				CLANG_WARN_RANGE_LOOP_ANALYSIS = YES;
				CLANG_WARN_STRICT_PROTOTYPES = YES;
				CLANG_WARN_SUSPICIOUS_MOVE = YES;
				CLANG_WARN_UNGUARDED_AVAILABILITY = YES_AGGRESSIVE;
				CLANG_WARN_UNREACHABLE_CODE = YES;
				CLANG_WARN__DUPLICATE_METHOD_MATCH = YES;
				COPY_PHASE_STRIP = NO;
				DEBUG_INFORMATION_FORMAT = "dwarf-with-dsym";
				ENABLE_NS_ASSERTIONS = NO;
				ENABLE_STRICT_OBJC_MSGSEND = YES;
				ENABLE_USER_SCRIPT_SANDBOXING = YES;
				GCC_C_LANGUAGE_STANDARD = gnu17;
				GCC_NO_COMMON_BLOCKS = YES;
				GCC_WARN_64_TO_32_BIT_CONVERSION = YES;
				GCC_WARN_ABOUT_RETURN_TYPE = YES_ERROR;
				GCC_WARN_UNDECLARED_SELECTOR = YES;
				GCC_WARN_UNINITIALIZED_AUTOS = YES_AGGRESSIVE;
				GCC_WARN_UNUSED_FUNCTION = YES;
				GCC_WARN_UNUSED_VARIABLE = YES;
				IPHONEOS_DEPLOYMENT_TARGET = 17.2;
				LOCALIZATION_PREFERS_STRING_CATALOGS = YES;
				MTL_ENABLE_DEBUG_INFO = NO;
				MTL_FAST_MATH = YES;
				SDKROOT = iphoneos;
				SWIFT_COMPILATION_MODE = wholemodule;
				VALIDATE_PRODUCT = YES;
			};
			name = Release;
		};
		77A14C2D2C0F3EC9008E9885 /* Debug */ = {
			isa = XCBuildConfiguration;
			buildSettings = {
				ASSETCATALOG_COMPILER_APPICON_NAME = AppIcon;
				ASSETCATALOG_COMPILER_GLOBAL_ACCENT_COLOR_NAME = AccentColor;
				CODE_SIGN_STYLE = Automatic;
				CURRENT_PROJECT_VERSION = 1;
				DEVELOPMENT_TEAM = 24F98Z3S44;
				GENERATE_INFOPLIST_FILE = YES;
				INFOPLIST_FILE = YemekSiparisUygulamasi/Info.plist;
				INFOPLIST_KEY_UIApplicationSupportsIndirectInputEvents = YES;
				INFOPLIST_KEY_UILaunchStoryboardName = LaunchScreen;
				INFOPLIST_KEY_UIMainStoryboardFile = Main;
				INFOPLIST_KEY_UISupportedInterfaceOrientations_iPad = "UIInterfaceOrientationPortrait UIInterfaceOrientationPortraitUpsideDown UIInterfaceOrientationLandscapeLeft UIInterfaceOrientationLandscapeRight";
				INFOPLIST_KEY_UISupportedInterfaceOrientations_iPhone = "UIInterfaceOrientationPortrait UIInterfaceOrientationLandscapeLeft UIInterfaceOrientationLandscapeRight";
				LD_RUNPATH_SEARCH_PATHS = (
					"$(inherited)",
					"@executable_path/Frameworks",
				);
				MARKETING_VERSION = 1.0;
				PRODUCT_BUNDLE_IDENTIFIER = com.onurcankurt.YemekSiparisUygulamasi;
				PRODUCT_NAME = "$(TARGET_NAME)";
				SWIFT_EMIT_LOC_STRINGS = YES;
				SWIFT_VERSION = 5.0;
				TARGETED_DEVICE_FAMILY = "1,2";
			};
			name = Debug;
		};
		77A14C2E2C0F3EC9008E9885 /* Release */ = {
			isa = XCBuildConfiguration;
			buildSettings = {
				ASSETCATALOG_COMPILER_APPICON_NAME = AppIcon;
				ASSETCATALOG_COMPILER_GLOBAL_ACCENT_COLOR_NAME = AccentColor;
				CODE_SIGN_STYLE = Automatic;
				CURRENT_PROJECT_VERSION = 1;
				DEVELOPMENT_TEAM = 24F98Z3S44;
				GENERATE_INFOPLIST_FILE = YES;
				INFOPLIST_FILE = YemekSiparisUygulamasi/Info.plist;
				INFOPLIST_KEY_UIApplicationSupportsIndirectInputEvents = YES;
				INFOPLIST_KEY_UILaunchStoryboardName = LaunchScreen;
				INFOPLIST_KEY_UIMainStoryboardFile = Main;
				INFOPLIST_KEY_UISupportedInterfaceOrientations_iPad = "UIInterfaceOrientationPortrait UIInterfaceOrientationPortraitUpsideDown UIInterfaceOrientationLandscapeLeft UIInterfaceOrientationLandscapeRight";
				INFOPLIST_KEY_UISupportedInterfaceOrientations_iPhone = "UIInterfaceOrientationPortrait UIInterfaceOrientationLandscapeLeft UIInterfaceOrientationLandscapeRight";
				LD_RUNPATH_SEARCH_PATHS = (
					"$(inherited)",
					"@executable_path/Frameworks",
				);
				MARKETING_VERSION = 1.0;
				PRODUCT_BUNDLE_IDENTIFIER = com.onurcankurt.YemekSiparisUygulamasi;
				PRODUCT_NAME = "$(TARGET_NAME)";
				SWIFT_EMIT_LOC_STRINGS = YES;
				SWIFT_VERSION = 5.0;
				TARGETED_DEVICE_FAMILY = "1,2";
			};
			name = Release;
		};
/* End XCBuildConfiguration section */

/* Begin XCConfigurationList section */
		77A14C102C0F3EC8008E9885 /* Build configuration list for PBXProject "YemekSiparisUygulamasi" */ = {
			isa = XCConfigurationList;
			buildConfigurations = (
				77A14C2A2C0F3EC9008E9885 /* Debug */,
				77A14C2B2C0F3EC9008E9885 /* Release */,
			);
			defaultConfigurationIsVisible = 0;
			defaultConfigurationName = Release;
		};
		77A14C2C2C0F3EC9008E9885 /* Build configuration list for PBXNativeTarget "YemekSiparisUygulamasi" */ = {
			isa = XCConfigurationList;
			buildConfigurations = (
				77A14C2D2C0F3EC9008E9885 /* Debug */,
				77A14C2E2C0F3EC9008E9885 /* Release */,
			);
			defaultConfigurationIsVisible = 0;
			defaultConfigurationName = Release;
		};
/* End XCConfigurationList section */

/* Begin XCVersionGroup section */
		77A14C212C0F3EC8008E9885 /* YemekSiparisUygulamasi.xcdatamodeld */ = {
			isa = XCVersionGroup;
			children = (
				77A14C222C0F3EC8008E9885 /* YemekSiparisUygulamasi.xcdatamodel */,
			);
			currentVersion = 77A14C222C0F3EC8008E9885 /* YemekSiparisUygulamasi.xcdatamodel */;
			path = YemekSiparisUygulamasi.xcdatamodeld;
			sourceTree = "<group>";
			versionGroupType = wrapper.xcdatamodel;
		};
/* End XCVersionGroup section */
	};
	rootObject = 77A14C0D2C0F3EC8008E9885 /* Project object */;
}
